// !$*UTF8*$!
{
	archiveVersion = 1;
	classes = {
	};
	objectVersion = 50;
	objects = {

/* Begin PBXBuildFile section */
		5B3EEB5222BCCF8600CF8369 /* DataAnalyzer.m in Sources */ = {isa = PBXBuildFile; fileRef = 5B3EEB5122BCCF8600CF8369 /* DataAnalyzer.m */; };
		5B3EEB5422BCDB3300CF8369 /* methodRefs.txt in Resources */ = {isa = PBXBuildFile; fileRef = 5B3EEB5322BCDB3300CF8369 /* methodRefs.txt */; };
		5B90941D22B8B98D007CFAAB /* AppDelegate.m in Sources */ = {isa = PBXBuildFile; fileRef = 5B90941C22B8B98D007CFAAB /* AppDelegate.m */; };
		5B90942022B8B98D007CFAAB /* ViewController.m in Sources */ = {isa = PBXBuildFile; fileRef = 5B90941F22B8B98D007CFAAB /* ViewController.m */; };
		5B90942322B8B98D007CFAAB /* Main.storyboard in Resources */ = {isa = PBXBuildFile; fileRef = 5B90942122B8B98D007CFAAB /* Main.storyboard */; };
		5B90942522B8B98F007CFAAB /* Assets.xcassets in Resources */ = {isa = PBXBuildFile; fileRef = 5B90942422B8B98F007CFAAB /* Assets.xcassets */; };
		5B90942822B8B98F007CFAAB /* LaunchScreen.storyboard in Resources */ = {isa = PBXBuildFile; fileRef = 5B90942622B8B98F007CFAAB /* LaunchScreen.storyboard */; };
		5B90942B22B8B98F007CFAAB /* main.m in Sources */ = {isa = PBXBuildFile; fileRef = 5B90942A22B8B98F007CFAAB /* main.m */; };
		5B90943222B8B9A4007CFAAB /* dataSegment.txt in Resources */ = {isa = PBXBuildFile; fileRef = 5B90943122B8B9A4007CFAAB /* dataSegment.txt */; };
/* End PBXBuildFile section */

/* Begin PBXFileReference section */
		5B3EEB5022BCCF8600CF8369 /* DataAnalyzer.h */ = {isa = PBXFileReference; lastKnownFileType = sourcecode.c.h; path = DataAnalyzer.h; sourceTree = "<group>"; };
		5B3EEB5122BCCF8600CF8369 /* DataAnalyzer.m */ = {isa = PBXFileReference; lastKnownFileType = sourcecode.c.objc; path = DataAnalyzer.m; sourceTree = "<group>"; };
		5B3EEB5322BCDB3300CF8369 /* methodRefs.txt */ = {isa = PBXFileReference; fileEncoding = 4; lastKnownFileType = text; path = methodRefs.txt; sourceTree = "<group>"; };
		5B90941822B8B98D007CFAAB /* ExtractMach-O.app */ = {isa = PBXFileReference; explicitFileType = wrapper.application; includeInIndex = 0; path = "ExtractMach-O.app"; sourceTree = BUILT_PRODUCTS_DIR; };
		5B90941B22B8B98D007CFAAB /* AppDelegate.h */ = {isa = PBXFileReference; lastKnownFileType = sourcecode.c.h; path = AppDelegate.h; sourceTree = "<group>"; };
		5B90941C22B8B98D007CFAAB /* AppDelegate.m */ = {isa = PBXFileReference; lastKnownFileType = sourcecode.c.objc; path = AppDelegate.m; sourceTree = "<group>"; };
		5B90941E22B8B98D007CFAAB /* ViewController.h */ = {isa = PBXFileReference; lastKnownFileType = sourcecode.c.h; path = ViewController.h; sourceTree = "<group>"; };
		5B90941F22B8B98D007CFAAB /* ViewController.m */ = {isa = PBXFileReference; lastKnownFileType = sourcecode.c.objc; path = ViewController.m; sourceTree = "<group>"; };
		5B90942222B8B98D007CFAAB /* Base */ = {isa = PBXFileReference; lastKnownFileType = file.storyboard; name = Base; path = Base.lproj/Main.storyboard; sourceTree = "<group>"; };
		5B90942422B8B98F007CFAAB /* Assets.xcassets */ = {isa = PBXFileReference; lastKnownFileType = folder.assetcatalog; path = Assets.xcassets; sourceTree = "<group>"; };
		5B90942722B8B98F007CFAAB /* Base */ = {isa = PBXFileReference; lastKnownFileType = file.storyboard; name = Base; path = Base.lproj/LaunchScreen.storyboard; sourceTree = "<group>"; };
		5B90942922B8B98F007CFAAB /* Info.plist */ = {isa = PBXFileReference; lastKnownFileType = text.plist.xml; path = Info.plist; sourceTree = "<group>"; };
		5B90942A22B8B98F007CFAAB /* main.m */ = {isa = PBXFileReference; lastKnownFileType = sourcecode.c.objc; path = main.m; sourceTree = "<group>"; };
		5B90943122B8B9A4007CFAAB /* dataSegment.txt */ = {isa = PBXFileReference; fileEncoding = 4; lastKnownFileType = text; path = dataSegment.txt; sourceTree = "<group>"; };
/* End PBXFileReference section */

/* Begin PBXFrameworksBuildPhase section */
		5B90941522B8B98D007CFAAB /* Frameworks */ = {
			isa = PBXFrameworksBuildPhase;
			buildActionMask = 2147483647;
			files = (
			);
			runOnlyForDeploymentPostprocessing = 0;
		};
/* End PBXFrameworksBuildPhase section */

/* Begin PBXGroup section */
		5B90940F22B8B98D007CFAAB = {
			isa = PBXGroup;
			children = (
				5B90941A22B8B98D007CFAAB /* ExtractMach-O */,
				5B90941922B8B98D007CFAAB /* Products */,
			);
			sourceTree = "<group>";
		};
		5B90941922B8B98D007CFAAB /* Products */ = {
			isa = PBXGroup;
			children = (
				5B90941822B8B98D007CFAAB /* ExtractMach-O.app */,
			);
			name = Products;
			sourceTree = "<group>";
		};
		5B90941A22B8B98D007CFAAB /* ExtractMach-O */ = {
			isa = PBXGroup;
			children = (
				5B3EEB5322BCDB3300CF8369 /* methodRefs.txt */,
				5B90943122B8B9A4007CFAAB /* dataSegment.txt */,
				5B90941B22B8B98D007CFAAB /* AppDelegate.h */,
				5B90941C22B8B98D007CFAAB /* AppDelegate.m */,
				5B90941E22B8B98D007CFAAB /* ViewController.h */,
				5B90941F22B8B98D007CFAAB /* ViewController.m */,
				5B3EEB5022BCCF8600CF8369 /* DataAnalyzer.h */,
				5B3EEB5122BCCF8600CF8369 /* DataAnalyzer.m */,
				5B90942122B8B98D007CFAAB /* Main.storyboard */,
				5B90942422B8B98F007CFAAB /* Assets.xcassets */,
				5B90942622B8B98F007CFAAB /* LaunchScreen.storyboard */,
				5B90942922B8B98F007CFAAB /* Info.plist */,
				5B90942A22B8B98F007CFAAB /* main.m */,
			);
			path = "ExtractMach-O";
			sourceTree = "<group>";
		};
/* End PBXGroup section */

/* Begin PBXNativeTarget section */
		5B90941722B8B98D007CFAAB /* ExtractMach-O */ = {
			isa = PBXNativeTarget;
			buildConfigurationList = 5B90942E22B8B98F007CFAAB /* Build configuration list for PBXNativeTarget "ExtractMach-O" */;
			buildPhases = (
				5B90941422B8B98D007CFAAB /* Sources */,
				5B90941522B8B98D007CFAAB /* Frameworks */,
				5B90941622B8B98D007CFAAB /* Resources */,
			);
			buildRules = (
			);
			dependencies = (
			);
			name = "ExtractMach-O";
			productName = "ExtractMach-O";
			productReference = 5B90941822B8B98D007CFAAB /* ExtractMach-O.app */;
			productType = "com.apple.product-type.application";
		};
/* End PBXNativeTarget section */

/* Begin PBXProject section */
		5B90941022B8B98D007CFAAB /* Project object */ = {
			isa = PBXProject;
			attributes = {
				LastUpgradeCheck = 1010;
				ORGANIZATIONNAME = Ansel;
				TargetAttributes = {
					5B90941722B8B98D007CFAAB = {
						CreatedOnToolsVersion = 10.1;
					};
				};
			};
			buildConfigurationList = 5B90941322B8B98D007CFAAB /* Build configuration list for PBXProject "ExtractMach-O" */;
			compatibilityVersion = "Xcode 9.3";
			developmentRegion = en;
			hasScannedForEncodings = 0;
			knownRegions = (
				en,
				Base,
			);
			mainGroup = 5B90940F22B8B98D007CFAAB;
			productRefGroup = 5B90941922B8B98D007CFAAB /* Products */;
			projectDirPath = "";
			projectRoot = "";
			targets = (
				5B90941722B8B98D007CFAAB /* ExtractMach-O */,
			);
		};
/* End PBXProject section */

/* Begin PBXResourcesBuildPhase section */
		5B90941622B8B98D007CFAAB /* Resources */ = {
			isa = PBXResourcesBuildPhase;
			buildActionMask = 2147483647;
			files = (
				5B90942822B8B98F007CFAAB /* LaunchScreen.storyboard in Resources */,
				5B90942522B8B98F007CFAAB /* Assets.xcassets in Resources */,
				5B3EEB5422BCDB3300CF8369 /* methodRefs.txt in Resources */,
				5B90943222B8B9A4007CFAAB /* dataSegment.txt in Resources */,
				5B90942322B8B98D007CFAAB /* Main.storyboard in Resources */,
			);
			runOnlyForDeploymentPostprocessing = 0;
		};
/* End PBXResourcesBuildPhase section */

/* Begin PBXSourcesBuildPhase section */
		5B90941422B8B98D007CFAAB /* Sources */ = {
			isa = PBXSourcesBuildPhase;
			buildActionMask = 2147483647;
			files = (
				5B90942022B8B98D007CFAAB /* ViewController.m in Sources */,
				5B3EEB5222BCCF8600CF8369 /* DataAnalyzer.m in Sources */,
				5B90942B22B8B98F007CFAAB /* main.m in Sources */,
				5B90941D22B8B98D007CFAAB /* AppDelegate.m in Sources */,
			);
			runOnlyForDeploymentPostprocessing = 0;
		};
/* End PBXSourcesBuildPhase section */

/* Begin PBXVariantGroup section */
		5B90942122B8B98D007CFAAB /* Main.storyboard */ = {
			isa = PBXVariantGroup;
			children = (
				5B90942222B8B98D007CFAAB /* Base */,
			);
			name = Main.storyboard;
			sourceTree = "<group>";
		};
		5B90942622B8B98F007CFAAB /* LaunchScreen.storyboard */ = {
			isa = PBXVariantGroup;
			children = (
				5B90942722B8B98F007CFAAB /* Base */,
			);
			name = LaunchScreen.storyboard;
			sourceTree = "<group>";
		};
/* End PBXVariantGroup section */

/* Begin XCBuildConfiguration section */
		5B90942C22B8B98F007CFAAB /* Debug */ = {
			isa = XCBuildConfiguration;
			buildSettings = {
				ALWAYS_SEARCH_USER_PATHS = NO;
				CLANG_ANALYZER_NONNULL = YES;
				CLANG_ANALYZER_NUMBER_OBJECT_CONVERSION = YES_AGGRESSIVE;
				CLANG_CXX_LANGUAGE_STANDARD = "gnu++14";
				CLANG_CXX_LIBRARY = "libc++";
				CLANG_ENABLE_MODULES = YES;
				CLANG_ENABLE_OBJC_ARC = YES;
				CLANG_ENABLE_OBJC_WEAK = YES;
				CLANG_WARN_BLOCK_CAPTURE_AUTORELEASING = YES;
				CLANG_WARN_BOOL_CONVERSION = YES;
				CLANG_WARN_COMMA = YES;
				CLANG_WARN_CONSTANT_CONVERSION = YES;
				CLANG_WARN_DEPRECATED_OBJC_IMPLEMENTATIONS = YES;
				CLANG_WARN_DIRECT_OBJC_ISA_USAGE = YES_ERROR;
				CLANG_WARN_DOCUMENTATION_COMMENTS = YES;
				CLANG_WARN_EMPTY_BODY = YES;
				CLANG_WARN_ENUM_CONVERSION = YES;
				CLANG_WARN_INFINITE_RECURSION = YES;
				CLANG_WARN_INT_CONVERSION = YES;
				CLANG_WARN_NON_LITERAL_NULL_CONVERSION = YES;
				CLANG_WARN_OBJC_IMPLICIT_RETAIN_SELF = YES;
				CLANG_WARN_OBJC_LITERAL_CONVERSION = YES;
				CLANG_WARN_OBJC_ROOT_CLASS = YES_ERROR;
				CLANG_WARN_RANGE_LOOP_ANALYSIS = YES;
				CLANG_WARN_STRICT_PROTOTYPES = YES;
				CLANG_WARN_SUSPICIOUS_MOVE = YES;
				CLANG_WARN_UNGUARDED_AVAILABILITY = YES_AGGRESSIVE;
				CLANG_WARN_UNREACHABLE_CODE = YES;
				CLANG_WARN__DUPLICATE_METHOD_MATCH = YES;
				CODE_SIGN_IDENTITY = "iPhone Developer";
				COPY_PHASE_STRIP = NO;
				DEBUG_INFORMATION_FORMAT = dwarf;
				ENABLE_STRICT_OBJC_MSGSEND = YES;
				ENABLE_TESTABILITY = YES;
				GCC_C_LANGUAGE_STANDARD = gnu11;
				GCC_DYNAMIC_NO_PIC = NO;
				GCC_NO_COMMON_BLOCKS = YES;
				GCC_OPTIMIZATION_LEVEL = 0;
				GCC_PREPROCESSOR_DEFINITIONS = (
					"DEBUG=1",
					"$(inherited)",
				);
				GCC_WARN_64_TO_32_BIT_CONVERSION = YES;
				GCC_WARN_ABOUT_RETURN_TYPE = YES_ERROR;
				GCC_WARN_UNDECLARED_SELECTOR = YES;
				GCC_WARN_UNINITIALIZED_AUTOS = YES_AGGRESSIVE;
				GCC_WARN_UNUSED_FUNCTION = YES;
				GCC_WARN_UNUSED_VARIABLE = YES;
				IPHONEOS_DEPLOYMENT_TARGET = 12.1;
				MTL_ENABLE_DEBUG_INFO = INCLUDE_SOURCE;
				MTL_FAST_MATH = YES;
				ONLY_ACTIVE_ARCH = YES;
				SDKROOT = iphoneos;
			};
			name = Debug;
		};
		5B90942D22B8B98F007CFAAB /* Release */ = {
			isa = XCBuildConfiguration;
			buildSettings = {
				ALWAYS_SEARCH_USER_PATHS = NO;
				CLANG_ANALYZER_NONNULL = YES;
				CLANG_ANALYZER_NUMBER_OBJECT_CONVERSION = YES_AGGRESSIVE;
				CLANG_CXX_LANGUAGE_STANDARD = "gnu++14";
				CLANG_CXX_LIBRARY = "libc++";
				CLANG_ENABLE_MODULES = YES;
				CLANG_ENABLE_OBJC_ARC = YES;
				CLANG_ENABLE_OBJC_WEAK = YES;
				CLANG_WARN_BLOCK_CAPTURE_AUTORELEASING = YES;
				CLANG_WARN_BOOL_CONVERSION = YES;
				CLANG_WARN_COMMA = YES;
				CLANG_WARN_CONSTANT_CONVERSION = YES;
				CLANG_WARN_DEPRECATED_OBJC_IMPLEMENTATIONS = YES;
				CLANG_WARN_DIRECT_OBJC_ISA_USAGE = YES_ERROR;
				CLANG_WARN_DOCUMENTATION_COMMENTS = YES;
				CLANG_WARN_EMPTY_BODY = YES;
				CLANG_WARN_ENUM_CONVERSION = YES;
				CLANG_WARN_INFINITE_RECURSION = YES;
				CLANG_WARN_INT_CONVERSION = YES;
				CLANG_WARN_NON_LITERAL_NULL_CONVERSION = YES;
				CLANG_WARN_OBJC_IMPLICIT_RETAIN_SELF = YES;
				CLANG_WARN_OBJC_LITERAL_CONVERSION = YES;
				CLANG_WARN_OBJC_ROOT_CLASS = YES_ERROR;
				CLANG_WARN_RANGE_LOOP_ANALYSIS = YES;
				CLANG_WARN_STRICT_PROTOTYPES = YES;
				CLANG_WARN_SUSPICIOUS_MOVE = YES;
				CLANG_WARN_UNGUARDED_AVAILABILITY = YES_AGGRESSIVE;
				CLANG_WARN_UNREACHABLE_CODE = YES;
				CLANG_WARN__DUPLICATE_METHOD_MATCH = YES;
				CODE_SIGN_IDENTITY = "iPhone Developer";
				COPY_PHASE_STRIP = NO;
				DEBUG_INFORMATION_FORMAT = "dwarf-with-dsym";
				ENABLE_NS_ASSERTIONS = NO;
				ENABLE_STRICT_OBJC_MSGSEND = YES;
				GCC_C_LANGUAGE_STANDARD = gnu11;
				GCC_NO_COMMON_BLOCKS = YES;
				GCC_WARN_64_TO_32_BIT_CONVERSION = YES;
				GCC_WARN_ABOUT_RETURN_TYPE = YES_ERROR;
				GCC_WARN_UNDECLARED_SELECTOR = YES;
				GCC_WARN_UNINITIALIZED_AUTOS = YES_AGGRESSIVE;
				GCC_WARN_UNUSED_FUNCTION = YES;
				GCC_WARN_UNUSED_VARIABLE = YES;
				IPHONEOS_DEPLOYMENT_TARGET = 12.1;
				MTL_ENABLE_DEBUG_INFO = NO;
				MTL_FAST_MATH = YES;
				SDKROOT = iphoneos;
				VALIDATE_PRODUCT = YES;
			};
			name = Release;
		};
		5B90942F22B8B98F007CFAAB /* Debug */ = {
			isa = XCBuildConfiguration;
			buildSettings = {
				ASSETCATALOG_COMPILER_APPICON_NAME = AppIcon;
				CODE_SIGN_STYLE = Automatic;
				INFOPLIST_FILE = "ExtractMach-O/Info.plist";
				LD_RUNPATH_SEARCH_PATHS = (
					"$(inherited)",
					"@executable_path/Frameworks",
				);
				PRODUCT_BUNDLE_IDENTIFIER = "com.sankuai.com.ExtractMach-O";
				PRODUCT_NAME = "$(TARGET_NAME)";
				TARGETED_DEVICE_FAMILY = "1,2";
			};
			name = Debug;
		};
		5B90943022B8B98F007CFAAB /* Release */ = {
			isa = XCBuildConfiguration;
			buildSettings = {
				ASSETCATALOG_COMPILER_APPICON_NAME = AppIcon;
				CODE_SIGN_STYLE = Automatic;
				INFOPLIST_FILE = "ExtractMach-O/Info.plist";
				LD_RUNPATH_SEARCH_PATHS = (
					"$(inherited)",
					"@executable_path/Frameworks",
				);
				PRODUCT_BUNDLE_IDENTIFIER = "com.sankuai.com.ExtractMach-O";
				PRODUCT_NAME = "$(TARGET_NAME)";
				TARGETED_DEVICE_FAMILY = "1,2";
			};
			name = Release;
		};
/* End XCBuildConfiguration section */

/* Begin XCConfigurationList section */
		5B90941322B8B98D007CFAAB /* Build configuration list for PBXProject "ExtractMach-O" */ = {
			isa = XCConfigurationList;
			buildConfigurations = (
				5B90942C22B8B98F007CFAAB /* Debug */,
				5B90942D22B8B98F007CFAAB /* Release */,
			);
			defaultConfigurationIsVisible = 0;
			defaultConfigurationName = Release;
		};
		5B90942E22B8B98F007CFAAB /* Build configuration list for PBXNativeTarget "ExtractMach-O" */ = {
			isa = XCConfigurationList;
			buildConfigurations = (
				5B90942F22B8B98F007CFAAB /* Debug */,
				5B90943022B8B98F007CFAAB /* Release */,
			);
			defaultConfigurationIsVisible = 0;
			defaultConfigurationName = Release;
		};
/* End XCConfigurationList section */
	};
	rootObject = 5B90941022B8B98D007CFAAB /* Project object */;
}
